Microsoft Visual Studio Solution File, Format Version 11.00
# Visual Studio 2008

Project("{4D4C3B1F-EC63-E49E-FB4B-AF435C32769E}") = "For The Colony", "Assembly-CSharp.csproj", "{9C57FAF8-728B-A322-31C4-516AA50E8514}"
EndProject
Global
	GlobalSection(SolutionConfigurationPlatforms) = preSolution
		Debug|Any CPU = Debug|Any CPU
		Release|Any CPU = Release|Any CPU
	EndGlobalSection
	GlobalSection(ProjectConfigurationPlatforms) = postSolution
		{9C57FAF8-728B-A322-31C4-516AA50E8514}.Debug|Any CPU.ActiveCfg = Debug|Any CPU
		{9C57FAF8-728B-A322-31C4-516AA50E8514}.Debug|Any CPU.Build.0 = Debug|Any CPU
		{9C57FAF8-728B-A322-31C4-516AA50E8514}.Release|Any CPU.ActiveCfg = Release|Any CPU
		{9C57FAF8-728B-A322-31C4-516AA50E8514}.Release|Any CPU.Build.0 = Release|Any CPU
	EndGlobalSection
	GlobalSection(SolutionProperties) = preSolution
		HideSolutionNode = FALSE
	EndGlobalSection
	GlobalSection(MonoDevelopProperties) = preSolution
		StartupItem = Assembly-CSharp.csproj
	EndGlobalSection
EndGlobal
